
Microsoft Visual Studio Solution File, Format Version 12.00
# Visual Studio 2013
VisualStudioVersion = 12.0.31101.0
MinimumVisualStudioVersion = 10.0.40219.1
Project("{FAE04EC0-301F-11D3-BF4B-00C04F79EFBC}") = "ChannelAdam.Core", "ChannelAdam.Core\ChannelAdam.Core.csproj", "{23631040-C054-4F36-B00F-0A827FC5382E}"
EndProject
Project("{2150E333-8FDC-42A3-9474-1A3956D46DE8}") = "Solution Items", "Solution Items", "{4165F101-71DF-4E0F-A326-9140B0C74760}"
	ProjectSection(SolutionItems) = preProject
		CustomDictionary.xml = CustomDictionary.xml
		..\License-2.0.txt = ..\License-2.0.txt
		Settings.StyleCop = Settings.StyleCop
	EndProjectSection
EndProject
Global
	GlobalSection(SolutionConfigurationPlatforms) = preSolution
		Debug|Any CPU = Debug|Any CPU
		Release net40|Any CPU = Release net40|Any CPU
		Release net45|Any CPU = Release net45|Any CPU
		Release|Any CPU = Release|Any CPU
	EndGlobalSection
	GlobalSection(ProjectConfigurationPlatforms) = postSolution
		{23631040-C054-4F36-B00F-0A827FC5382E}.Debug|Any CPU.ActiveCfg = Debug|Any CPU
		{23631040-C054-4F36-B00F-0A827FC5382E}.Debug|Any CPU.Build.0 = Debug|Any CPU
		{23631040-C054-4F36-B00F-0A827FC5382E}.Release net40|Any CPU.ActiveCfg = Release net40|Any CPU
		{23631040-C054-4F36-B00F-0A827FC5382E}.Release net40|Any CPU.Build.0 = Release net40|Any CPU
		{23631040-C054-4F36-B00F-0A827FC5382E}.Release net45|Any CPU.ActiveCfg = Release net45|Any CPU
		{23631040-C054-4F36-B00F-0A827FC5382E}.Release net45|Any CPU.Build.0 = Release net45|Any CPU
		{23631040-C054-4F36-B00F-0A827FC5382E}.Release|Any CPU.ActiveCfg = Release|Any CPU
		{23631040-C054-4F36-B00F-0A827FC5382E}.Release|Any CPU.Build.0 = Release|Any CPU
	EndGlobalSection
	GlobalSection(SolutionProperties) = preSolution
		HideSolutionNode = FALSE
	EndGlobalSection
EndGlobal
